
Microsoft Visual Studio Solution File, Format Version 12.00
# Visual Studio Version 17
VisualStudioVersion = 17.9.34728.123
MinimumVisualStudioVersion = 10.0.40219.1
Project("{FAE04EC0-301F-11D3-BF4B-00C04F79EFBC}") = "WebApplication1", "WebApplication1\WebApplication1.csproj", "{30CD49D4-8705-4219-BF14-5B23E364145B}"
EndProject
Global
	GlobalSection(SolutionConfigurationPlatforms) = preSolution
		Debug|Any CPU = Debug|Any CPU
		Release|Any CPU = Release|Any CPU
	EndGlobalSection
	GlobalSection(ProjectConfigurationPlatforms) = postSolution
		{30CD49D4-8705-4219-BF14-5B23E364145B}.Debug|Any CPU.ActiveCfg = Debug|Any CPU
		{30CD49D4-8705-4219-BF14-5B23E364145B}.Debug|Any CPU.Build.0 = Debug|Any CPU
		{30CD49D4-8705-4219-BF14-5B23E364145B}.Release|Any CPU.ActiveCfg = Release|Any CPU
		{30CD49D4-8705-4219-BF14-5B23E364145B}.Release|Any CPU.Build.0 = Release|Any CPU
	EndGlobalSection
	GlobalSection(SolutionProperties) = preSolution
		HideSolutionNode = FALSE
	EndGlobalSection
	GlobalSection(ExtensibilityGlobals) = postSolution
		SolutionGuid = {59980FC6-D1E1-446A-90B4-60FE2D5038E5}
	EndGlobalSection
EndGlobal
